// !$*UTF8*$!
{
	archiveVersion = 1;
	classes = {
	};
	objectVersion = 55;
	objects = {

/* Begin PBXBuildFile section */
		D12FB19B2CC9BEA900929B3D /* SnapsViewController.swift in Sources */ = {isa = PBXBuildFile; fileRef = D12FB19A2CC9BEA900929B3D /* SnapsViewController.swift */; };
		D12FB19D2CC9C44900929B3D /* ImagenViewController.swift in Sources */ = {isa = PBXBuildFile; fileRef = D12FB19C2CC9C44900929B3D /* ImagenViewController.swift */; };
		D12FB1A52CC9DD4300929B3D /* ElegirUsuarioViewController.swift in Sources */ = {isa = PBXBuildFile; fileRef = D12FB1A42CC9DD4300929B3D /* ElegirUsuarioViewController.swift */; };
		D1A0C8B52CC0813A00378FDF /* AppDelegate.swift in Sources */ = {isa = PBXBuildFile; fileRef = D1A0C8B42CC0813A00378FDF /* AppDelegate.swift */; };
		D1A0C8B72CC0813A00378FDF /* SceneDelegate.swift in Sources */ = {isa = PBXBuildFile; fileRef = D1A0C8B62CC0813A00378FDF /* SceneDelegate.swift */; };
		D1A0C8B92CC0813A00378FDF /* iniciarSesionViewController.swift in Sources */ = {isa = PBXBuildFile; fileRef = D1A0C8B82CC0813A00378FDF /* iniciarSesionViewController.swift */; };
		D1A0C8BC2CC0813A00378FDF /* Main.storyboard in Resources */ = {isa = PBXBuildFile; fileRef = D1A0C8BA2CC0813A00378FDF /* Main.storyboard */; };
		D1A0C8BE2CC0813A00378FDF /* Assets.xcassets in Resources */ = {isa = PBXBuildFile; fileRef = D1A0C8BD2CC0813A00378FDF /* Assets.xcassets */; };
		D1A0C8C12CC0813A00378FDF /* LaunchScreen.storyboard in Resources */ = {isa = PBXBuildFile; fileRef = D1A0C8BF2CC0813A00378FDF /* LaunchScreen.storyboard */; };
		D1C999902CC094BE0039B938 /* FirebaseAnalytics in Frameworks */ = {isa = PBXBuildFile; productRef = D1C9998F2CC094BE0039B938 /* FirebaseAnalytics */; };
		D1C999922CC094BE0039B938 /* FirebaseAnalyticsWithoutAdIdSupport in Frameworks */ = {isa = PBXBuildFile; productRef = D1C999912CC094BE0039B938 /* FirebaseAnalyticsWithoutAdIdSupport */; };
		D1C999942CC094BE0039B938 /* FirebaseAuth in Frameworks */ = {isa = PBXBuildFile; productRef = D1C999932CC094BE0039B938 /* FirebaseAuth */; };
		D1C999962CC094BE0039B938 /* FirebaseDatabase in Frameworks */ = {isa = PBXBuildFile; productRef = D1C999952CC094BE0039B938 /* FirebaseDatabase */; };
		D1C999982CC094BE0039B938 /* FirebaseStorage in Frameworks */ = {isa = PBXBuildFile; productRef = D1C999972CC094BE0039B938 /* FirebaseStorage */; };
		D1EA10282CC2E10C00A03107 /* GoogleSignIn in Frameworks */ = {isa = PBXBuildFile; productRef = D1EA10272CC2E10C00A03107 /* GoogleSignIn */; };
		D1EA102A2CC2E10C00A03107 /* GoogleSignInSwift in Frameworks */ = {isa = PBXBuildFile; productRef = D1EA10292CC2E10C00A03107 /* GoogleSignInSwift */; };
		D1EA10302CC2F17E00A03107 /* GoogleService-Info.plist in Resources */ = {isa = PBXBuildFile; fileRef = D1EA102F2CC2F17E00A03107 /* GoogleService-Info.plist */; };
/* End PBXBuildFile section */

/* Begin PBXFileReference section */
		D12FB19A2CC9BEA900929B3D /* SnapsViewController.swift */ = {isa = PBXFileReference; lastKnownFileType = sourcecode.swift; path = SnapsViewController.swift; sourceTree = "<group>"; };
		D12FB19C2CC9C44900929B3D /* ImagenViewController.swift */ = {isa = PBXFileReference; lastKnownFileType = sourcecode.swift; path = ImagenViewController.swift; sourceTree = "<group>"; };
		D12FB1A42CC9DD4300929B3D /* ElegirUsuarioViewController.swift */ = {isa = PBXFileReference; lastKnownFileType = sourcecode.swift; path = ElegirUsuarioViewController.swift; sourceTree = "<group>"; };
		D1A0C8B12CC0813A00378FDF /* Snapchat.app */ = {isa = PBXFileReference; explicitFileType = wrapper.application; includeInIndex = 0; path = Snapchat.app; sourceTree = BUILT_PRODUCTS_DIR; };
		D1A0C8B42CC0813A00378FDF /* AppDelegate.swift */ = {isa = PBXFileReference; lastKnownFileType = sourcecode.swift; path = AppDelegate.swift; sourceTree = "<group>"; };
		D1A0C8B62CC0813A00378FDF /* SceneDelegate.swift */ = {isa = PBXFileReference; lastKnownFileType = sourcecode.swift; path = SceneDelegate.swift; sourceTree = "<group>"; };
		D1A0C8B82CC0813A00378FDF /* iniciarSesionViewController.swift */ = {isa = PBXFileReference; lastKnownFileType = sourcecode.swift; path = iniciarSesionViewController.swift; sourceTree = "<group>"; };
		D1A0C8BB2CC0813A00378FDF /* Base */ = {isa = PBXFileReference; lastKnownFileType = file.storyboard; name = Base; path = Base.lproj/Main.storyboard; sourceTree = "<group>"; };
		D1A0C8BD2CC0813A00378FDF /* Assets.xcassets */ = {isa = PBXFileReference; lastKnownFileType = folder.assetcatalog; path = Assets.xcassets; sourceTree = "<group>"; };
		D1A0C8C02CC0813A00378FDF /* Base */ = {isa = PBXFileReference; lastKnownFileType = file.storyboard; name = Base; path = Base.lproj/LaunchScreen.storyboard; sourceTree = "<group>"; };
		D1A0C8C22CC0813A00378FDF /* Info.plist */ = {isa = PBXFileReference; lastKnownFileType = text.plist.xml; path = Info.plist; sourceTree = "<group>"; };
		D1EA102F2CC2F17E00A03107 /* GoogleService-Info.plist */ = {isa = PBXFileReference; fileEncoding = 4; lastKnownFileType = text.plist.xml; name = "GoogleService-Info.plist"; path = "../../../Downloads/GoogleService-Info.plist"; sourceTree = "<group>"; };
/* End PBXFileReference section */

/* Begin PBXFrameworksBuildPhase section */
		D1A0C8AE2CC0813A00378FDF /* Frameworks */ = {
			isa = PBXFrameworksBuildPhase;
			buildActionMask = 2147483647;
			files = (
				D1C999902CC094BE0039B938 /* FirebaseAnalytics in Frameworks */,
				D1C999942CC094BE0039B938 /* FirebaseAuth in Frameworks */,
				D1EA102A2CC2E10C00A03107 /* GoogleSignInSwift in Frameworks */,
				D1C999962CC094BE0039B938 /* FirebaseDatabase in Frameworks */,
				D1C999982CC094BE0039B938 /* FirebaseStorage in Frameworks */,
				D1C999922CC094BE0039B938 /* FirebaseAnalyticsWithoutAdIdSupport in Frameworks */,
				D1EA10282CC2E10C00A03107 /* GoogleSignIn in Frameworks */,
			);
			runOnlyForDeploymentPostprocessing = 0;
		};
/* End PBXFrameworksBuildPhase section */

/* Begin PBXGroup section */
		D1A0C8A82CC0813A00378FDF = {
			isa = PBXGroup;
			children = (
				D1A0C8B32CC0813A00378FDF /* RibeyroSnapchat */,
				D1A0C8B22CC0813A00378FDF /* Products */,
			);
			sourceTree = "<group>";
		};
		D1A0C8B22CC0813A00378FDF /* Products */ = {
			isa = PBXGroup;
			children = (
				D1A0C8B12CC0813A00378FDF /* Snapchat.app */,
			);
			name = Products;
			sourceTree = "<group>";
		};
		D1A0C8B32CC0813A00378FDF /* RibeyroSnapchat */ = {
			isa = PBXGroup;
			children = (
				D1A0C8B42CC0813A00378FDF /* AppDelegate.swift */,
				D12FB19C2CC9C44900929B3D /* ImagenViewController.swift */,
				D12FB19A2CC9BEA900929B3D /* SnapsViewController.swift */,
				D1A0C8B62CC0813A00378FDF /* SceneDelegate.swift */,
				D1A0C8B82CC0813A00378FDF /* iniciarSesionViewController.swift */,
				D1A0C8BA2CC0813A00378FDF /* Main.storyboard */,
				D1A0C8BD2CC0813A00378FDF /* Assets.xcassets */,
				D1A0C8BF2CC0813A00378FDF /* LaunchScreen.storyboard */,
				D1A0C8C22CC0813A00378FDF /* Info.plist */,
				D1EA102F2CC2F17E00A03107 /* GoogleService-Info.plist */,
				D12FB1A42CC9DD4300929B3D /* ElegirUsuarioViewController.swift */,
			);
			path = RibeyroSnapchat;
			sourceTree = "<group>";
		};
/* End PBXGroup section */

/* Begin PBXNativeTarget section */
		D1A0C8B02CC0813A00378FDF /* Snapchat */ = {
			isa = PBXNativeTarget;
			buildConfigurationList = D1A0C8C52CC0813A00378FDF /* Build configuration list for PBXNativeTarget "Snapchat" */;
			buildPhases = (
				D1A0C8AD2CC0813A00378FDF /* Sources */,
				D1A0C8AE2CC0813A00378FDF /* Frameworks */,
				D1A0C8AF2CC0813A00378FDF /* Resources */,
			);
			buildRules = (
			);
			dependencies = (
			);
			name = Snapchat;
			packageProductDependencies = (
				D1C9998F2CC094BE0039B938 /* FirebaseAnalytics */,
				D1C999912CC094BE0039B938 /* FirebaseAnalyticsWithoutAdIdSupport */,
				D1C999932CC094BE0039B938 /* FirebaseAuth */,
				D1C999952CC094BE0039B938 /* FirebaseDatabase */,
				D1C999972CC094BE0039B938 /* FirebaseStorage */,
				D1EA10272CC2E10C00A03107 /* GoogleSignIn */,
				D1EA10292CC2E10C00A03107 /* GoogleSignInSwift */,
			);
			productName = RibeyroSnapchat;
			productReference = D1A0C8B12CC0813A00378FDF /* Snapchat.app */;
			productType = "com.apple.product-type.application";
		};
/* End PBXNativeTarget section */

/* Begin PBXProject section */
		D1A0C8A92CC0813A00378FDF /* Project object */ = {
			isa = PBXProject;
			attributes = {
				BuildIndependentTargetsInParallel = 1;
				LastSwiftUpdateCheck = 1340;
				LastUpgradeCheck = 1340;
				TargetAttributes = {
					D1A0C8B02CC0813A00378FDF = {
						CreatedOnToolsVersion = 13.4.1;
					};
				};
			};
			buildConfigurationList = D1A0C8AC2CC0813A00378FDF /* Build configuration list for PBXProject "Snapchat" */;
			compatibilityVersion = "Xcode 13.0";
			developmentRegion = en;
			hasScannedForEncodings = 0;
			knownRegions = (
				en,
				Base,
			);
			mainGroup = D1A0C8A82CC0813A00378FDF;
			packageReferences = (
				D1C9998E2CC094BE0039B938 /* XCRemoteSwiftPackageReference "firebase-ios-sdk" */,
				D1EA10262CC2E10C00A03107 /* XCRemoteSwiftPackageReference "GoogleSignIn-iOS" */,
			);
			productRefGroup = D1A0C8B22CC0813A00378FDF /* Products */;
			projectDirPath = "";
			projectRoot = "";
			targets = (
				D1A0C8B02CC0813A00378FDF /* Snapchat */,
			);
		};
/* End PBXProject section */

/* Begin PBXResourcesBuildPhase section */
		D1A0C8AF2CC0813A00378FDF /* Resources */ = {
			isa = PBXResourcesBuildPhase;
			buildActionMask = 2147483647;
			files = (
				D1A0C8C12CC0813A00378FDF /* LaunchScreen.storyboard in Resources */,
				D1EA10302CC2F17E00A03107 /* GoogleService-Info.plist in Resources */,
				D1A0C8BE2CC0813A00378FDF /* Assets.xcassets in Resources */,
				D1A0C8BC2CC0813A00378FDF /* Main.storyboard in Resources */,
			);
			runOnlyForDeploymentPostprocessing = 0;
		};
/* End PBXResourcesBuildPhase section */

/* Begin PBXSourcesBuildPhase section */
		D1A0C8AD2CC0813A00378FDF /* Sources */ = {
			isa = PBXSourcesBuildPhase;
			buildActionMask = 2147483647;
			files = (
				D12FB19B2CC9BEA900929B3D /* SnapsViewController.swift in Sources */,
				D12FB19D2CC9C44900929B3D /* ImagenViewController.swift in Sources */,
				D1A0C8B92CC0813A00378FDF /* iniciarSesionViewController.swift in Sources */,
				D1A0C8B52CC0813A00378FDF /* AppDelegate.swift in Sources */,
				D1A0C8B72CC0813A00378FDF /* SceneDelegate.swift in Sources */,
				D12FB1A52CC9DD4300929B3D /* ElegirUsuarioViewController.swift in Sources */,
			);
			runOnlyForDeploymentPostprocessing = 0;
		};
/* End PBXSourcesBuildPhase section */

/* Begin PBXVariantGroup section */
		D1A0C8BA2CC0813A00378FDF /* Main.storyboard */ = {
			isa = PBXVariantGroup;
			children = (
				D1A0C8BB2CC0813A00378FDF /* Base */,
			);
			name = Main.storyboard;
			sourceTree = "<group>";
		};
		D1A0C8BF2CC0813A00378FDF /* LaunchScreen.storyboard */ = {
			isa = PBXVariantGroup;
			children = (
				D1A0C8C02CC0813A00378FDF /* Base */,
			);
			name = LaunchScreen.storyboard;
			sourceTree = "<group>";
		};
/* End PBXVariantGroup section */

/* Begin XCBuildConfiguration section */
		D1A0C8C32CC0813A00378FDF /* Debug */ = {
			isa = XCBuildConfiguration;
			buildSettings = {
				ALWAYS_SEARCH_USER_PATHS = NO;
				CLANG_ANALYZER_NONNULL = YES;
				CLANG_ANALYZER_NUMBER_OBJECT_CONVERSION = YES_AGGRESSIVE;
				CLANG_CXX_LANGUAGE_STANDARD = "gnu++17";
				CLANG_ENABLE_MODULES = YES;
				CLANG_ENABLE_OBJC_ARC = YES;
				CLANG_ENABLE_OBJC_WEAK = YES;
				CLANG_WARN_BLOCK_CAPTURE_AUTORELEASING = YES;
				CLANG_WARN_BOOL_CONVERSION = YES;
				CLANG_WARN_COMMA = YES;
				CLANG_WARN_CONSTANT_CONVERSION = YES;
				CLANG_WARN_DEPRECATED_OBJC_IMPLEMENTATIONS = YES;
				CLANG_WARN_DIRECT_OBJC_ISA_USAGE = YES_ERROR;
				CLANG_WARN_DOCUMENTATION_COMMENTS = YES;
				CLANG_WARN_EMPTY_BODY = YES;
				CLANG_WARN_ENUM_CONVERSION = YES;
				CLANG_WARN_INFINITE_RECURSION = YES;
				CLANG_WARN_INT_CONVERSION = YES;
				CLANG_WARN_NON_LITERAL_NULL_CONVERSION = YES;
				CLANG_WARN_OBJC_IMPLICIT_RETAIN_SELF = YES;
				CLANG_WARN_OBJC_LITERAL_CONVERSION = YES;
				CLANG_WARN_OBJC_ROOT_CLASS = YES_ERROR;
				CLANG_WARN_QUOTED_INCLUDE_IN_FRAMEWORK_HEADER = YES;
				CLANG_WARN_RANGE_LOOP_ANALYSIS = YES;
				CLANG_WARN_STRICT_PROTOTYPES = YES;
				CLANG_WARN_SUSPICIOUS_MOVE = YES;
				CLANG_WARN_UNGUARDED_AVAILABILITY = YES_AGGRESSIVE;
				CLANG_WARN_UNREACHABLE_CODE = YES;
				CLANG_WARN__DUPLICATE_METHOD_MATCH = YES;
				COPY_PHASE_STRIP = NO;
				DEBUG_INFORMATION_FORMAT = dwarf;
				ENABLE_STRICT_OBJC_MSGSEND = YES;
				ENABLE_TESTABILITY = YES;
				GCC_C_LANGUAGE_STANDARD = gnu11;
				GCC_DYNAMIC_NO_PIC = NO;
				GCC_NO_COMMON_BLOCKS = YES;
				GCC_OPTIMIZATION_LEVEL = 0;
				GCC_PREPROCESSOR_DEFINITIONS = (
					"DEBUG=1",
					"$(inherited)",
				);
				GCC_WARN_64_TO_32_BIT_CONVERSION = YES;
				GCC_WARN_ABOUT_RETURN_TYPE = YES_ERROR;
				GCC_WARN_UNDECLARED_SELECTOR = YES;
				GCC_WARN_UNINITIALIZED_AUTOS = YES_AGGRESSIVE;
				GCC_WARN_UNUSED_FUNCTION = YES;
				GCC_WARN_UNUSED_VARIABLE = YES;
				IPHONEOS_DEPLOYMENT_TARGET = 15.5;
				MTL_ENABLE_DEBUG_INFO = INCLUDE_SOURCE;
				MTL_FAST_MATH = YES;
				ONLY_ACTIVE_ARCH = YES;
				SDKROOT = iphoneos;
				SWIFT_ACTIVE_COMPILATION_CONDITIONS = DEBUG;
				SWIFT_OPTIMIZATION_LEVEL = "-Onone";
			};
			name = Debug;
		};
		D1A0C8C42CC0813A00378FDF /* Release */ = {
			isa = XCBuildConfiguration;
			buildSettings = {
				ALWAYS_SEARCH_USER_PATHS = NO;
				CLANG_ANALYZER_NONNULL = YES;
				CLANG_ANALYZER_NUMBER_OBJECT_CONVERSION = YES_AGGRESSIVE;
				CLANG_CXX_LANGUAGE_STANDARD = "gnu++17";
				CLANG_ENABLE_MODULES = YES;
				CLANG_ENABLE_OBJC_ARC = YES;
				CLANG_ENABLE_OBJC_WEAK = YES;
				CLANG_WARN_BLOCK_CAPTURE_AUTORELEASING = YES;
				CLANG_WARN_BOOL_CONVERSION = YES;
				CLANG_WARN_COMMA = YES;
				CLANG_WARN_CONSTANT_CONVERSION = YES;
				CLANG_WARN_DEPRECATED_OBJC_IMPLEMENTATIONS = YES;
				CLANG_WARN_DIRECT_OBJC_ISA_USAGE = YES_ERROR;
				CLANG_WARN_DOCUMENTATION_COMMENTS = YES;
				CLANG_WARN_EMPTY_BODY = YES;
				CLANG_WARN_ENUM_CONVERSION = YES;
				CLANG_WARN_INFINITE_RECURSION = YES;
				CLANG_WARN_INT_CONVERSION = YES;
				CLANG_WARN_NON_LITERAL_NULL_CONVERSION = YES;
				CLANG_WARN_OBJC_IMPLICIT_RETAIN_SELF = YES;
				CLANG_WARN_OBJC_LITERAL_CONVERSION = YES;
				CLANG_WARN_OBJC_ROOT_CLASS = YES_ERROR;
				CLANG_WARN_QUOTED_INCLUDE_IN_FRAMEWORK_HEADER = YES;
				CLANG_WARN_RANGE_LOOP_ANALYSIS = YES;
				CLANG_WARN_STRICT_PROTOTYPES = YES;
				CLANG_WARN_SUSPICIOUS_MOVE = YES;
				CLANG_WARN_UNGUARDED_AVAILABILITY = YES_AGGRESSIVE;
				CLANG_WARN_UNREACHABLE_CODE = YES;
				CLANG_WARN__DUPLICATE_METHOD_MATCH = YES;
				COPY_PHASE_STRIP = NO;
				DEBUG_INFORMATION_FORMAT = "dwarf-with-dsym";
				ENABLE_NS_ASSERTIONS = NO;
				ENABLE_STRICT_OBJC_MSGSEND = YES;
				GCC_C_LANGUAGE_STANDARD = gnu11;
				GCC_NO_COMMON_BLOCKS = YES;
				GCC_WARN_64_TO_32_BIT_CONVERSION = YES;
				GCC_WARN_ABOUT_RETURN_TYPE = YES_ERROR;
				GCC_WARN_UNDECLARED_SELECTOR = YES;
				GCC_WARN_UNINITIALIZED_AUTOS = YES_AGGRESSIVE;
				GCC_WARN_UNUSED_FUNCTION = YES;
				GCC_WARN_UNUSED_VARIABLE = YES;
				IPHONEOS_DEPLOYMENT_TARGET = 15.5;
				MTL_ENABLE_DEBUG_INFO = NO;
				MTL_FAST_MATH = YES;
				SDKROOT = iphoneos;
				SWIFT_COMPILATION_MODE = wholemodule;
				SWIFT_OPTIMIZATION_LEVEL = "-O";
				VALIDATE_PRODUCT = YES;
			};
			name = Release;
		};
		D1A0C8C62CC0813A00378FDF /* Debug */ = {
			isa = XCBuildConfiguration;
			buildSettings = {
				ASSETCATALOG_COMPILER_APPICON_NAME = AppIcon;
				ASSETCATALOG_COMPILER_GLOBAL_ACCENT_COLOR_NAME = AccentColor;
				CODE_SIGN_STYLE = Automatic;
				CURRENT_PROJECT_VERSION = 1;
				GENERATE_INFOPLIST_FILE = YES;
				INFOPLIST_FILE = RibeyroSnapchat/Info.plist;
				INFOPLIST_KEY_UIApplicationSupportsIndirectInputEvents = YES;
				INFOPLIST_KEY_UILaunchStoryboardName = LaunchScreen;
				INFOPLIST_KEY_UIMainStoryboardFile = Main;
				INFOPLIST_KEY_UISupportedInterfaceOrientations_iPad = "UIInterfaceOrientationPortrait UIInterfaceOrientationPortraitUpsideDown UIInterfaceOrientationLandscapeLeft UIInterfaceOrientationLandscapeRight";
				INFOPLIST_KEY_UISupportedInterfaceOrientations_iPhone = "UIInterfaceOrientationPortrait UIInterfaceOrientationLandscapeLeft UIInterfaceOrientationLandscapeRight";
				LD_RUNPATH_SEARCH_PATHS = (
					"$(inherited)",
					"@executable_path/Frameworks",
				);
				MARKETING_VERSION = 1.0;
				PRODUCT_BUNDLE_IDENTIFIER = dev.ribeyro.RibeyroSnapchat;
				PRODUCT_NAME = "$(TARGET_NAME)";
				SWIFT_EMIT_LOC_STRINGS = YES;
				SWIFT_VERSION = 5.0;
				TARGETED_DEVICE_FAMILY = "1,2";
			};
			name = Debug;
		};
		D1A0C8C72CC0813A00378FDF /* Release */ = {
			isa = XCBuildConfiguration;
			buildSettings = {
				ASSETCATALOG_COMPILER_APPICON_NAME = AppIcon;
				ASSETCATALOG_COMPILER_GLOBAL_ACCENT_COLOR_NAME = AccentColor;
				CODE_SIGN_STYLE = Automatic;
				CURRENT_PROJECT_VERSION = 1;
				GENERATE_INFOPLIST_FILE = YES;
				INFOPLIST_FILE = RibeyroSnapchat/Info.plist;
				INFOPLIST_KEY_UIApplicationSupportsIndirectInputEvents = YES;
				INFOPLIST_KEY_UILaunchStoryboardName = LaunchScreen;
				INFOPLIST_KEY_UIMainStoryboardFile = Main;
				INFOPLIST_KEY_UISupportedInterfaceOrientations_iPad = "UIInterfaceOrientationPortrait UIInterfaceOrientationPortraitUpsideDown UIInterfaceOrientationLandscapeLeft UIInterfaceOrientationLandscapeRight";
				INFOPLIST_KEY_UISupportedInterfaceOrientations_iPhone = "UIInterfaceOrientationPortrait UIInterfaceOrientationLandscapeLeft UIInterfaceOrientationLandscapeRight";
				LD_RUNPATH_SEARCH_PATHS = (
					"$(inherited)",
					"@executable_path/Frameworks",
				);
				MARKETING_VERSION = 1.0;
				PRODUCT_BUNDLE_IDENTIFIER = dev.ribeyro.RibeyroSnapchat;
				PRODUCT_NAME = "$(TARGET_NAME)";
				SWIFT_EMIT_LOC_STRINGS = YES;
				SWIFT_VERSION = 5.0;
				TARGETED_DEVICE_FAMILY = "1,2";
			};
			name = Release;
		};
/* End XCBuildConfiguration section */

/* Begin XCConfigurationList section */
		D1A0C8AC2CC0813A00378FDF /* Build configuration list for PBXProject "Snapchat" */ = {
			isa = XCConfigurationList;
			buildConfigurations = (
				D1A0C8C32CC0813A00378FDF /* Debug */,
				D1A0C8C42CC0813A00378FDF /* Release */,
			);
			defaultConfigurationIsVisible = 0;
			defaultConfigurationName = Release;
		};
		D1A0C8C52CC0813A00378FDF /* Build configuration list for PBXNativeTarget "Snapchat" */ = {
			isa = XCConfigurationList;
			buildConfigurations = (
				D1A0C8C62CC0813A00378FDF /* Debug */,
				D1A0C8C72CC0813A00378FDF /* Release */,
			);
			defaultConfigurationIsVisible = 0;
			defaultConfigurationName = Release;
		};
/* End XCConfigurationList section */

/* Begin XCRemoteSwiftPackageReference section */
		D1C9998E2CC094BE0039B938 /* XCRemoteSwiftPackageReference "firebase-ios-sdk" */ = {
			isa = XCRemoteSwiftPackageReference;
			repositoryURL = "https://github.com/firebase/firebase-ios-sdk";
			requirement = {
				kind = versionRange;
				maximumVersion = 10.0.0;
				minimumVersion = 9.0.0;
			};
		};
		D1EA10262CC2E10C00A03107 /* XCRemoteSwiftPackageReference "GoogleSignIn-iOS" */ = {
			isa = XCRemoteSwiftPackageReference;
			repositoryURL = "https://github.com/google/GoogleSignIn-iOS";
			requirement = {
				kind = upToNextMajorVersion;
				minimumVersion = 7.0.0;
			};
		};
/* End XCRemoteSwiftPackageReference section */

/* Begin XCSwiftPackageProductDependency section */
		D1C9998F2CC094BE0039B938 /* FirebaseAnalytics */ = {
			isa = XCSwiftPackageProductDependency;
			package = D1C9998E2CC094BE0039B938 /* XCRemoteSwiftPackageReference "firebase-ios-sdk" */;
			productName = FirebaseAnalytics;
		};
		D1C999912CC094BE0039B938 /* FirebaseAnalyticsWithoutAdIdSupport */ = {
			isa = XCSwiftPackageProductDependency;
			package = D1C9998E2CC094BE0039B938 /* XCRemoteSwiftPackageReference "firebase-ios-sdk" */;
			productName = FirebaseAnalyticsWithoutAdIdSupport;
		};
		D1C999932CC094BE0039B938 /* FirebaseAuth */ = {
			isa = XCSwiftPackageProductDependency;
			package = D1C9998E2CC094BE0039B938 /* XCRemoteSwiftPackageReference "firebase-ios-sdk" */;
			productName = FirebaseAuth;
		};
		D1C999952CC094BE0039B938 /* FirebaseDatabase */ = {
			isa = XCSwiftPackageProductDependency;
			package = D1C9998E2CC094BE0039B938 /* XCRemoteSwiftPackageReference "firebase-ios-sdk" */;
			productName = FirebaseDatabase;
		};
		D1C999972CC094BE0039B938 /* FirebaseStorage */ = {
			isa = XCSwiftPackageProductDependency;
			package = D1C9998E2CC094BE0039B938 /* XCRemoteSwiftPackageReference "firebase-ios-sdk" */;
			productName = FirebaseStorage;
		};
		D1EA10272CC2E10C00A03107 /* GoogleSignIn */ = {
			isa = XCSwiftPackageProductDependency;
			package = D1EA10262CC2E10C00A03107 /* XCRemoteSwiftPackageReference "GoogleSignIn-iOS" */;
			productName = GoogleSignIn;
		};
		D1EA10292CC2E10C00A03107 /* GoogleSignInSwift */ = {
			isa = XCSwiftPackageProductDependency;
			package = D1EA10262CC2E10C00A03107 /* XCRemoteSwiftPackageReference "GoogleSignIn-iOS" */;
			productName = GoogleSignInSwift;
		};
/* End XCSwiftPackageProductDependency section */
	};
	rootObject = D1A0C8A92CC0813A00378FDF /* Project object */;
}
